
Microsoft Visual Studio Solution File, Format Version 12.00
# Visual Studio Version 17
VisualStudioVersion = 17.6.33815.320
MinimumVisualStudioVersion = 10.0.40219.1
Project("{FAE04EC0-301F-11D3-BF4B-00C04F79EFBC}") = "QuasarProject", "QuasarProject\QuasarProject.csproj", "{A78EE436-E7F9-43FB-95E3-410883B067BD}"
EndProject
Global
	GlobalSection(SolutionConfigurationPlatforms) = preSolution
		Debug|Any CPU = Debug|Any CPU
		Release|Any CPU = Release|Any CPU
	EndGlobalSection
	GlobalSection(ProjectConfigurationPlatforms) = postSolution
		{A78EE436-E7F9-43FB-95E3-410883B067BD}.Debug|Any CPU.ActiveCfg = Debug|Any CPU
		{A78EE436-E7F9-43FB-95E3-410883B067BD}.Debug|Any CPU.Build.0 = Debug|Any CPU
		{A78EE436-E7F9-43FB-95E3-410883B067BD}.Release|Any CPU.ActiveCfg = Release|Any CPU
		{A78EE436-E7F9-43FB-95E3-410883B067BD}.Release|Any CPU.Build.0 = Release|Any CPU
	EndGlobalSection
	GlobalSection(SolutionProperties) = preSolution
		HideSolutionNode = FALSE
	EndGlobalSection
	GlobalSection(ExtensibilityGlobals) = postSolution
		SolutionGuid = {FA6C8395-F1F3-4E21-8E25-2B9BDD851E86}
	EndGlobalSection
EndGlobal
